<?xml version="1.0" encoding="UTF-8" standalone="yes" ?>
<CodeBlocks_project_file>
	<FileVersion major="1" minor="6" />
	<Project>
		<Option title="Life&apos;Seven Poker" />
		<Option pch_mode="2" />
		<Option compiler="gcc" />
		<Build>
			<Target title="Debug">
				<Option output="bin/Debug/lifesevenpoker" prefix_auto="1" extension_auto="1" />
				<Option object_output="obj/Debug/" />
				<Option type="1" />
				<Option compiler="gcc" />
				<Option projectCompilerOptionsRelation="2" />
				<Compiler>
					<Add option="-pedantic" />
					<Add option="-W" />
					<Add option="-Wall" />
					<Add option="-ansi" />
					<Add option="-g" />
					<Add option="-ggdb" />
				</Compiler>
				<Linker>
					<Add library="SDL" />
					<Add library="SDLmain" />
					<Add library="SDL_ttf" />
					<Add library="SDL_image" />
					<Add library="SDL_gfx" />
				</Linker>
			</Target>
			<Target title="Release">
				<Option output="bin/Release/Life&apos;Seven Poker" prefix_auto="1" extension_auto="1" />
				<Option object_output="obj/Release/" />
				<Option type="1" />
				<Option compiler="gcc" />
				<Compiler>
					<Add option="-O2" />
					<Add option="-ansi" />
				</Compiler>
				<Linker>
					<Add option="-s" />
					<Add library="SDL" />
					<Add library="SDLmain" />
					<Add library="SDL_image" />
					<Add library="SDL_ttf" />
					<Add library="SDL_gfx" />
				</Linker>
			</Target>
		</Build>
		<Compiler>
			<Add option="-pedantic" />
			<Add option="-W" />
			<Add option="-Wall" />
			<Add option="-ansi" />
			<Add option="-g" />
		</Compiler>
		<Linker>
			<Add library="SDL" />
			<Add library="SDLmain" />
			<Add library="SDL_ttf" />
			<Add library="SDL_image" />
			<Add library="SDL_gfx" />
		</Linker>
		<Unit filename="AfficheDynamique.C">
			<Option compilerVar="CC" />
		</Unit>
		<Unit filename="AfficheDynamique.h" />
		<Unit filename="AfficheSdl.C">
			<Option compilerVar="CC" />
		</Unit>
		<Unit filename="AfficheSdl.h" />
		<Unit filename="AfficheTxt.C">
			<Option compilerVar="CC" />
		</Unit>
		<Unit filename="AfficheTxt.h" />
		<Unit filename="Carte.C">
			<Option compilerVar="CC" />
		</Unit>
		<Unit filename="Carte.h" />
		<Unit filename="Controles.h">
			<Option target="&lt;{~None~}&gt;" />
		</Unit>
		<Unit filename="IArtificielle.C">
			<Option compilerVar="CC" />
		</Unit>
		<Unit filename="IArtificielle.h">
			<Option target="Debug" />
		</Unit>
		<Unit filename="Jeu.C">
			<Option compilerVar="CC" />
		</Unit>
		<Unit filename="Jeu.h" />
		<Unit filename="Joueur.C">
			<Option compilerVar="CC" />
		</Unit>
		<Unit filename="Joueur.h" />
		<Unit filename="Language.C">
			<Option compilerVar="CC" />
		</Unit>
		<Unit filename="Language.h" />
		<Unit filename="MainCarte.C">
			<Option compilerVar="CC" />
		</Unit>
		<Unit filename="MainCarte.h" />
		<Unit filename="PileCarte.C">
			<Option compilerVar="CC" />
		</Unit>
		<Unit filename="PileCarte.h" />
		<Unit filename="Table.C">
			<Option compilerVar="CC" />
		</Unit>
		<Unit filename="Table.h" />
		<Unit filename="main.C">
			<Option compilerVar="CC" />
		</Unit>
		<Unit filename="mainJames.C">
			<Option compilerVar="CC" />
			<Option compile="0" />
			<Option link="0" />
			<Option target="&lt;{~None~}&gt;" />
		</Unit>
		<Extensions>
			<code_completion />
			<debugger />
			<envvars />
		</Extensions>
	</Project>
</CodeBlocks_project_file>
