<?xml version="1.0" encoding="UTF-8" standalone="yes" ?>
<CodeBlocks_project_file>
	<FileVersion major="1" minor="6" />
	<Project>
		<Option title="Life&apos;Seven Poker" />
		<Option pch_mode="2" />
		<Option compiler="gcc" />
		<Build>
			<Target title="Debug">
				<Option output="bin/Debug/Life&apos;Seven Poker" prefix_auto="1" extension_auto="1" />
				<Option object_output="obj/Debug/" />
				<Option type="1" />
				<Option compiler="gcc" />
				<Compiler>
					<Add option="-pedantic" />
					<Add option="-Wall" />
					<Add option="-ansi" />
					<Add option="-g" />
					<Add option="`sdl-config --cflags`" />
				</Compiler>
				<Linker>
					<Add option="`sdl-config --libs`" />
				</Linker>
			</Target>
			<Target title="Release">
				<Option output="bin/Release/Life&apos;Seven Poker" prefix_auto="1" extension_auto="1" />
				<Option object_output="obj/Release/" />
				<Option type="1" />
				<Option compiler="gcc" />
				<Compiler>
					<Add option="-O2" />
				</Compiler>
				<Linker>
					<Add option="-s" />
				</Linker>
			</Target>
		</Build>
		<Compiler>
			<Add option="-pedantic" />
			<Add option="-W" />
			<Add option="-Wall" />
			<Add option="-ansi" />
			<Add option="-g" />
		</Compiler>
		<Unit filename="AfficheDynamique.C">
			<Option compilerVar="CC" />
		</Unit>
		<Unit filename="AfficheDynamique.h" />
		<Unit filename="AfficheTxt.h" />
		<Unit filename="Carte.C">
			<Option compilerVar="CC" />
		</Unit>
		<Unit filename="Carte.h" />
		<Unit filename="Controles.h" />
		<Unit filename="IArtificielle.h" />
		<Unit filename="Jeu.C">
			<Option compilerVar="CC" />
		</Unit>
		<Unit filename="Jeu.h" />
		<Unit filename="Joueur.h" />
		<Unit filename="MainCarte.C">
			<Option compilerVar="CC" />
		</Unit>
		<Unit filename="MainCarte.h" />
		<Unit filename="PileCarte.C">
			<Option compilerVar="CC" />
		</Unit>
		<Unit filename="PileCarte.h" />
		<Unit filename="Table.C">
			<Option compilerVar="CC" />
		</Unit>
		<Unit filename="Table.h" />
		<Unit filename="main.C">
			<Option compilerVar="CC" />
		</Unit>
		<Extensions>
			<code_completion />
			<debugger />
		</Extensions>
	</Project>
</CodeBlocks_project_file>
